
Microsoft Visual Studio Solution File, Format Version 12.00
# Visual Studio Version 17
VisualStudioVersion = 17.11.35312.102
MinimumVisualStudioVersion = 10.0.40219.1
Project("{FAE04EC0-301F-11D3-BF4B-00C04F79EFBC}") = "BTbuoi3", "BTbuoi3\BTbuoi3.csproj", "{E7654F15-20CB-4B42-A7DD-D0C88A48E8B3}"
EndProject
Global
	GlobalSection(SolutionConfigurationPlatforms) = preSolution
		Debug|Any CPU = Debug|Any CPU
		Release|Any CPU = Release|Any CPU
	EndGlobalSection
	GlobalSection(ProjectConfigurationPlatforms) = postSolution
		{E7654F15-20CB-4B42-A7DD-D0C88A48E8B3}.Debug|Any CPU.ActiveCfg = Debug|Any CPU
		{E7654F15-20CB-4B42-A7DD-D0C88A48E8B3}.Debug|Any CPU.Build.0 = Debug|Any CPU
		{E7654F15-20CB-4B42-A7DD-D0C88A48E8B3}.Release|Any CPU.ActiveCfg = Release|Any CPU
		{E7654F15-20CB-4B42-A7DD-D0C88A48E8B3}.Release|Any CPU.Build.0 = Release|Any CPU
	EndGlobalSection
	GlobalSection(SolutionProperties) = preSolution
		HideSolutionNode = FALSE
	EndGlobalSection
	GlobalSection(ExtensibilityGlobals) = postSolution
		SolutionGuid = {0D6326AA-2671-4A78-BF64-9B34ACDF616B}
	EndGlobalSection
EndGlobal
